
Microsoft Visual Studio Solution File, Format Version 12.00
# Visual Studio 15
VisualStudioVersion = 15.0.26430.16
MinimumVisualStudioVersion = 10.0.40219.1
Project("{FAE04EC0-301F-11D3-BF4B-00C04F79EFBC}") = "MobileHymnal.Droid", "MobileHymnal\MobileHymnal.Droid\MobileHymnal.Droid.csproj", "{EA6F34E8-CBB0-4652-A35E-A1D9AFF7DA6E}"
EndProject
Project("{FAE04EC0-301F-11D3-BF4B-00C04F79EFBC}") = "MobileHymnal.iOS", "MobileHymnal\MobileHymnal.iOS\MobileHymnal.iOS.csproj", "{84F03D32-DFCF-4259-B354-B48CE761ED86}"
EndProject
Project("{FAE04EC0-301F-11D3-BF4B-00C04F79EFBC}") = "MobileHymnal.UWP", "MobileHymnal\MobileHymnal.UWP\MobileHymnal.UWP.csproj", "{7433A7CC-EC16-4A43-9C8C-7A5F764A4AB4}"
EndProject
Project("{FAE04EC0-301F-11D3-BF4B-00C04F79EFBC}") = "MobileHymnal", "MobileHymnal\MobileHymnal\MobileHymnal.csproj", "{1E2E9726-9B99-4F49-A712-F281646C81B0}"
EndProject
Project("{FAE04EC0-301F-11D3-BF4B-00C04F79EFBC}") = "HymnalEntities", "HymnalEntities\HymnalEntities.csproj", "{8586D2A8-8D05-4EC5-8DF6-7130A1119B0E}"
EndProject
Global
	GlobalSection(SolutionConfigurationPlatforms) = preSolution
		Ad-Hoc|Any CPU = Ad-Hoc|Any CPU
		Ad-Hoc|ARM = Ad-Hoc|ARM
		Ad-Hoc|iPhone = Ad-Hoc|iPhone
		Ad-Hoc|iPhoneSimulator = Ad-Hoc|iPhoneSimulator
		Ad-Hoc|x64 = Ad-Hoc|x64
		Ad-Hoc|x86 = Ad-Hoc|x86
		Android|Any CPU = Android|Any CPU
		Android|ARM = Android|ARM
		Android|iPhone = Android|iPhone
		Android|iPhoneSimulator = Android|iPhoneSimulator
		Android|x64 = Android|x64
		Android|x86 = Android|x86
		AppStore|Any CPU = AppStore|Any CPU
		AppStore|ARM = AppStore|ARM
		AppStore|iPhone = AppStore|iPhone
		AppStore|iPhoneSimulator = AppStore|iPhoneSimulator
		AppStore|x64 = AppStore|x64
		AppStore|x86 = AppStore|x86
		Debug|Any CPU = Debug|Any CPU
		Debug|ARM = Debug|ARM
		Debug|iPhone = Debug|iPhone
		Debug|iPhoneSimulator = Debug|iPhoneSimulator
		Debug|x64 = Debug|x64
		Debug|x86 = Debug|x86
		Release|Any CPU = Release|Any CPU
		Release|ARM = Release|ARM
		Release|iPhone = Release|iPhone
		Release|iPhoneSimulator = Release|iPhoneSimulator
		Release|x64 = Release|x64
		Release|x86 = Release|x86
	EndGlobalSection
	GlobalSection(ProjectConfigurationPlatforms) = postSolution
		{EA6F34E8-CBB0-4652-A35E-A1D9AFF7DA6E}.Ad-Hoc|Any CPU.ActiveCfg = Release|Any CPU
		{EA6F34E8-CBB0-4652-A35E-A1D9AFF7DA6E}.Ad-Hoc|Any CPU.Build.0 = Release|Any CPU
		{EA6F34E8-CBB0-4652-A35E-A1D9AFF7DA6E}.Ad-Hoc|Any CPU.Deploy.0 = Release|Any CPU
		{EA6F34E8-CBB0-4652-A35E-A1D9AFF7DA6E}.Ad-Hoc|ARM.ActiveCfg = Release|Any CPU
		{EA6F34E8-CBB0-4652-A35E-A1D9AFF7DA6E}.Ad-Hoc|ARM.Build.0 = Release|Any CPU
		{EA6F34E8-CBB0-4652-A35E-A1D9AFF7DA6E}.Ad-Hoc|ARM.Deploy.0 = Release|Any CPU
		{EA6F34E8-CBB0-4652-A35E-A1D9AFF7DA6E}.Ad-Hoc|iPhone.ActiveCfg = Release|Any CPU
		{EA6F34E8-CBB0-4652-A35E-A1D9AFF7DA6E}.Ad-Hoc|iPhone.Build.0 = Release|Any CPU
		{EA6F34E8-CBB0-4652-A35E-A1D9AFF7DA6E}.Ad-Hoc|iPhone.Deploy.0 = Release|Any CPU
		{EA6F34E8-CBB0-4652-A35E-A1D9AFF7DA6E}.Ad-Hoc|iPhoneSimulator.ActiveCfg = Release|Any CPU
		{EA6F34E8-CBB0-4652-A35E-A1D9AFF7DA6E}.Ad-Hoc|iPhoneSimulator.Build.0 = Release|Any CPU
		{EA6F34E8-CBB0-4652-A35E-A1D9AFF7DA6E}.Ad-Hoc|iPhoneSimulator.Deploy.0 = Release|Any CPU
		{EA6F34E8-CBB0-4652-A35E-A1D9AFF7DA6E}.Ad-Hoc|x64.ActiveCfg = Release|Any CPU
		{EA6F34E8-CBB0-4652-A35E-A1D9AFF7DA6E}.Ad-Hoc|x64.Build.0 = Release|Any CPU
		{EA6F34E8-CBB0-4652-A35E-A1D9AFF7DA6E}.Ad-Hoc|x64.Deploy.0 = Release|Any CPU
		{EA6F34E8-CBB0-4652-A35E-A1D9AFF7DA6E}.Ad-Hoc|x86.ActiveCfg = Release|Any CPU
		{EA6F34E8-CBB0-4652-A35E-A1D9AFF7DA6E}.Ad-Hoc|x86.Build.0 = Release|Any CPU
		{EA6F34E8-CBB0-4652-A35E-A1D9AFF7DA6E}.Ad-Hoc|x86.Deploy.0 = Release|Any CPU
		{EA6F34E8-CBB0-4652-A35E-A1D9AFF7DA6E}.Android|Any CPU.ActiveCfg = Android|Any CPU
		{EA6F34E8-CBB0-4652-A35E-A1D9AFF7DA6E}.Android|Any CPU.Build.0 = Android|Any CPU
		{EA6F34E8-CBB0-4652-A35E-A1D9AFF7DA6E}.Android|Any CPU.Deploy.0 = Android|Any CPU
		{EA6F34E8-CBB0-4652-A35E-A1D9AFF7DA6E}.Android|ARM.ActiveCfg = Android|Any CPU
		{EA6F34E8-CBB0-4652-A35E-A1D9AFF7DA6E}.Android|ARM.Build.0 = Android|Any CPU
		{EA6F34E8-CBB0-4652-A35E-A1D9AFF7DA6E}.Android|ARM.Deploy.0 = Android|Any CPU
		{EA6F34E8-CBB0-4652-A35E-A1D9AFF7DA6E}.Android|iPhone.ActiveCfg = Android|Any CPU
		{EA6F34E8-CBB0-4652-A35E-A1D9AFF7DA6E}.Android|iPhone.Build.0 = Android|Any CPU
		{EA6F34E8-CBB0-4652-A35E-A1D9AFF7DA6E}.Android|iPhone.Deploy.0 = Android|Any CPU
		{EA6F34E8-CBB0-4652-A35E-A1D9AFF7DA6E}.Android|iPhoneSimulator.ActiveCfg = Android|Any CPU
		{EA6F34E8-CBB0-4652-A35E-A1D9AFF7DA6E}.Android|iPhoneSimulator.Build.0 = Android|Any CPU
		{EA6F34E8-CBB0-4652-A35E-A1D9AFF7DA6E}.Android|iPhoneSimulator.Deploy.0 = Android|Any CPU
		{EA6F34E8-CBB0-4652-A35E-A1D9AFF7DA6E}.Android|x64.ActiveCfg = Android|Any CPU
		{EA6F34E8-CBB0-4652-A35E-A1D9AFF7DA6E}.Android|x64.Build.0 = Android|Any CPU
		{EA6F34E8-CBB0-4652-A35E-A1D9AFF7DA6E}.Android|x64.Deploy.0 = Android|Any CPU
		{EA6F34E8-CBB0-4652-A35E-A1D9AFF7DA6E}.Android|x86.ActiveCfg = Android|Any CPU
		{EA6F34E8-CBB0-4652-A35E-A1D9AFF7DA6E}.Android|x86.Build.0 = Android|Any CPU
		{EA6F34E8-CBB0-4652-A35E-A1D9AFF7DA6E}.Android|x86.Deploy.0 = Android|Any CPU
		{EA6F34E8-CBB0-4652-A35E-A1D9AFF7DA6E}.AppStore|Any CPU.ActiveCfg = Release|Any CPU
		{EA6F34E8-CBB0-4652-A35E-A1D9AFF7DA6E}.AppStore|Any CPU.Build.0 = Release|Any CPU
		{EA6F34E8-CBB0-4652-A35E-A1D9AFF7DA6E}.AppStore|Any CPU.Deploy.0 = Release|Any CPU
		{EA6F34E8-CBB0-4652-A35E-A1D9AFF7DA6E}.AppStore|ARM.ActiveCfg = Release|Any CPU
		{EA6F34E8-CBB0-4652-A35E-A1D9AFF7DA6E}.AppStore|ARM.Build.0 = Release|Any CPU
		{EA6F34E8-CBB0-4652-A35E-A1D9AFF7DA6E}.AppStore|ARM.Deploy.0 = Release|Any CPU
		{EA6F34E8-CBB0-4652-A35E-A1D9AFF7DA6E}.AppStore|iPhone.ActiveCfg = Release|Any CPU
		{EA6F34E8-CBB0-4652-A35E-A1D9AFF7DA6E}.AppStore|iPhone.Build.0 = Release|Any CPU
		{EA6F34E8-CBB0-4652-A35E-A1D9AFF7DA6E}.AppStore|iPhone.Deploy.0 = Release|Any CPU
		{EA6F34E8-CBB0-4652-A35E-A1D9AFF7DA6E}.AppStore|iPhoneSimulator.ActiveCfg = Release|Any CPU
		{EA6F34E8-CBB0-4652-A35E-A1D9AFF7DA6E}.AppStore|iPhoneSimulator.Build.0 = Release|Any CPU
		{EA6F34E8-CBB0-4652-A35E-A1D9AFF7DA6E}.AppStore|iPhoneSimulator.Deploy.0 = Release|Any CPU
		{EA6F34E8-CBB0-4652-A35E-A1D9AFF7DA6E}.AppStore|x64.ActiveCfg = Release|Any CPU
		{EA6F34E8-CBB0-4652-A35E-A1D9AFF7DA6E}.AppStore|x64.Build.0 = Release|Any CPU
		{EA6F34E8-CBB0-4652-A35E-A1D9AFF7DA6E}.AppStore|x64.Deploy.0 = Release|Any CPU
		{EA6F34E8-CBB0-4652-A35E-A1D9AFF7DA6E}.AppStore|x86.ActiveCfg = Release|Any CPU
		{EA6F34E8-CBB0-4652-A35E-A1D9AFF7DA6E}.AppStore|x86.Build.0 = Release|Any CPU
		{EA6F34E8-CBB0-4652-A35E-A1D9AFF7DA6E}.AppStore|x86.Deploy.0 = Release|Any CPU
		{EA6F34E8-CBB0-4652-A35E-A1D9AFF7DA6E}.Debug|Any CPU.ActiveCfg = Debug|Any CPU
		{EA6F34E8-CBB0-4652-A35E-A1D9AFF7DA6E}.Debug|Any CPU.Build.0 = Debug|Any CPU
		{EA6F34E8-CBB0-4652-A35E-A1D9AFF7DA6E}.Debug|Any CPU.Deploy.0 = Debug|Any CPU
		{EA6F34E8-CBB0-4652-A35E-A1D9AFF7DA6E}.Debug|ARM.ActiveCfg = Debug|Any CPU
		{EA6F34E8-CBB0-4652-A35E-A1D9AFF7DA6E}.Debug|ARM.Build.0 = Debug|Any CPU
		{EA6F34E8-CBB0-4652-A35E-A1D9AFF7DA6E}.Debug|ARM.Deploy.0 = Debug|Any CPU
		{EA6F34E8-CBB0-4652-A35E-A1D9AFF7DA6E}.Debug|iPhone.ActiveCfg = Debug|Any CPU
		{EA6F34E8-CBB0-4652-A35E-A1D9AFF7DA6E}.Debug|iPhone.Build.0 = Debug|Any CPU
		{EA6F34E8-CBB0-4652-A35E-A1D9AFF7DA6E}.Debug|iPhone.Deploy.0 = Debug|Any CPU
		{EA6F34E8-CBB0-4652-A35E-A1D9AFF7DA6E}.Debug|iPhoneSimulator.ActiveCfg = Debug|Any CPU
		{EA6F34E8-CBB0-4652-A35E-A1D9AFF7DA6E}.Debug|iPhoneSimulator.Build.0 = Debug|Any CPU
		{EA6F34E8-CBB0-4652-A35E-A1D9AFF7DA6E}.Debug|iPhoneSimulator.Deploy.0 = Debug|Any CPU
		{EA6F34E8-CBB0-4652-A35E-A1D9AFF7DA6E}.Debug|x64.ActiveCfg = Debug|Any CPU
		{EA6F34E8-CBB0-4652-A35E-A1D9AFF7DA6E}.Debug|x64.Build.0 = Debug|Any CPU
		{EA6F34E8-CBB0-4652-A35E-A1D9AFF7DA6E}.Debug|x64.Deploy.0 = Debug|Any CPU
		{EA6F34E8-CBB0-4652-A35E-A1D9AFF7DA6E}.Debug|x86.ActiveCfg = Debug|Any CPU
		{EA6F34E8-CBB0-4652-A35E-A1D9AFF7DA6E}.Debug|x86.Build.0 = Debug|Any CPU
		{EA6F34E8-CBB0-4652-A35E-A1D9AFF7DA6E}.Debug|x86.Deploy.0 = Debug|Any CPU
		{EA6F34E8-CBB0-4652-A35E-A1D9AFF7DA6E}.Release|Any CPU.ActiveCfg = Release|Any CPU
		{EA6F34E8-CBB0-4652-A35E-A1D9AFF7DA6E}.Release|Any CPU.Build.0 = Release|Any CPU
		{EA6F34E8-CBB0-4652-A35E-A1D9AFF7DA6E}.Release|Any CPU.Deploy.0 = Release|Any CPU
		{EA6F34E8-CBB0-4652-A35E-A1D9AFF7DA6E}.Release|ARM.ActiveCfg = Release|Any CPU
		{EA6F34E8-CBB0-4652-A35E-A1D9AFF7DA6E}.Release|ARM.Build.0 = Release|Any CPU
		{EA6F34E8-CBB0-4652-A35E-A1D9AFF7DA6E}.Release|ARM.Deploy.0 = Release|Any CPU
		{EA6F34E8-CBB0-4652-A35E-A1D9AFF7DA6E}.Release|iPhone.ActiveCfg = Release|Any CPU
		{EA6F34E8-CBB0-4652-A35E-A1D9AFF7DA6E}.Release|iPhone.Build.0 = Release|Any CPU
		{EA6F34E8-CBB0-4652-A35E-A1D9AFF7DA6E}.Release|iPhone.Deploy.0 = Release|Any CPU
		{EA6F34E8-CBB0-4652-A35E-A1D9AFF7DA6E}.Release|iPhoneSimulator.ActiveCfg = Release|Any CPU
		{EA6F34E8-CBB0-4652-A35E-A1D9AFF7DA6E}.Release|iPhoneSimulator.Build.0 = Release|Any CPU
		{EA6F34E8-CBB0-4652-A35E-A1D9AFF7DA6E}.Release|iPhoneSimulator.Deploy.0 = Release|Any CPU
		{EA6F34E8-CBB0-4652-A35E-A1D9AFF7DA6E}.Release|x64.ActiveCfg = Release|Any CPU
		{EA6F34E8-CBB0-4652-A35E-A1D9AFF7DA6E}.Release|x64.Build.0 = Release|Any CPU
		{EA6F34E8-CBB0-4652-A35E-A1D9AFF7DA6E}.Release|x64.Deploy.0 = Release|Any CPU
		{EA6F34E8-CBB0-4652-A35E-A1D9AFF7DA6E}.Release|x86.ActiveCfg = Release|Any CPU
		{EA6F34E8-CBB0-4652-A35E-A1D9AFF7DA6E}.Release|x86.Build.0 = Release|Any CPU
		{EA6F34E8-CBB0-4652-A35E-A1D9AFF7DA6E}.Release|x86.Deploy.0 = Release|Any CPU
		{84F03D32-DFCF-4259-B354-B48CE761ED86}.Ad-Hoc|Any CPU.ActiveCfg = Ad-Hoc|iPhone
		{84F03D32-DFCF-4259-B354-B48CE761ED86}.Ad-Hoc|ARM.ActiveCfg = Ad-Hoc|iPhone
		{84F03D32-DFCF-4259-B354-B48CE761ED86}.Ad-Hoc|iPhone.ActiveCfg = Ad-Hoc|iPhone
		{84F03D32-DFCF-4259-B354-B48CE761ED86}.Ad-Hoc|iPhone.Build.0 = Ad-Hoc|iPhone
		{84F03D32-DFCF-4259-B354-B48CE761ED86}.Ad-Hoc|iPhoneSimulator.ActiveCfg = Ad-Hoc|iPhoneSimulator
		{84F03D32-DFCF-4259-B354-B48CE761ED86}.Ad-Hoc|iPhoneSimulator.Build.0 = Ad-Hoc|iPhoneSimulator
		{84F03D32-DFCF-4259-B354-B48CE761ED86}.Ad-Hoc|x64.ActiveCfg = Ad-Hoc|iPhone
		{84F03D32-DFCF-4259-B354-B48CE761ED86}.Ad-Hoc|x86.ActiveCfg = Ad-Hoc|iPhone
		{84F03D32-DFCF-4259-B354-B48CE761ED86}.Android|Any CPU.ActiveCfg = Android|iPhone
		{84F03D32-DFCF-4259-B354-B48CE761ED86}.Android|ARM.ActiveCfg = Android|iPhone
		{84F03D32-DFCF-4259-B354-B48CE761ED86}.Android|iPhone.ActiveCfg = Android|iPhone
		{84F03D32-DFCF-4259-B354-B48CE761ED86}.Android|iPhoneSimulator.ActiveCfg = Android|iPhoneSimulator
		{84F03D32-DFCF-4259-B354-B48CE761ED86}.Android|x64.ActiveCfg = Android|iPhone
		{84F03D32-DFCF-4259-B354-B48CE761ED86}.Android|x86.ActiveCfg = Android|iPhone
		{84F03D32-DFCF-4259-B354-B48CE761ED86}.AppStore|Any CPU.ActiveCfg = AppStore|iPhone
		{84F03D32-DFCF-4259-B354-B48CE761ED86}.AppStore|ARM.ActiveCfg = AppStore|iPhone
		{84F03D32-DFCF-4259-B354-B48CE761ED86}.AppStore|iPhone.ActiveCfg = AppStore|iPhone
		{84F03D32-DFCF-4259-B354-B48CE761ED86}.AppStore|iPhone.Build.0 = AppStore|iPhone
		{84F03D32-DFCF-4259-B354-B48CE761ED86}.AppStore|iPhoneSimulator.ActiveCfg = AppStore|iPhoneSimulator
		{84F03D32-DFCF-4259-B354-B48CE761ED86}.AppStore|iPhoneSimulator.Build.0 = AppStore|iPhoneSimulator
		{84F03D32-DFCF-4259-B354-B48CE761ED86}.AppStore|x64.ActiveCfg = AppStore|iPhone
		{84F03D32-DFCF-4259-B354-B48CE761ED86}.AppStore|x86.ActiveCfg = AppStore|iPhone
		{84F03D32-DFCF-4259-B354-B48CE761ED86}.Debug|Any CPU.ActiveCfg = Debug|iPhone
		{84F03D32-DFCF-4259-B354-B48CE761ED86}.Debug|ARM.ActiveCfg = Debug|iPhone
		{84F03D32-DFCF-4259-B354-B48CE761ED86}.Debug|iPhone.ActiveCfg = Debug|iPhone
		{84F03D32-DFCF-4259-B354-B48CE761ED86}.Debug|iPhone.Build.0 = Debug|iPhone
		{84F03D32-DFCF-4259-B354-B48CE761ED86}.Debug|iPhoneSimulator.ActiveCfg = Debug|iPhoneSimulator
		{84F03D32-DFCF-4259-B354-B48CE761ED86}.Debug|iPhoneSimulator.Build.0 = Debug|iPhoneSimulator
		{84F03D32-DFCF-4259-B354-B48CE761ED86}.Debug|x64.ActiveCfg = Debug|iPhone
		{84F03D32-DFCF-4259-B354-B48CE761ED86}.Debug|x86.ActiveCfg = Debug|iPhone
		{84F03D32-DFCF-4259-B354-B48CE761ED86}.Release|Any CPU.ActiveCfg = Release|iPhone
		{84F03D32-DFCF-4259-B354-B48CE761ED86}.Release|ARM.ActiveCfg = Release|iPhone
		{84F03D32-DFCF-4259-B354-B48CE761ED86}.Release|iPhone.ActiveCfg = Release|iPhone
		{84F03D32-DFCF-4259-B354-B48CE761ED86}.Release|iPhone.Build.0 = Release|iPhone
		{84F03D32-DFCF-4259-B354-B48CE761ED86}.Release|iPhoneSimulator.ActiveCfg = Release|iPhoneSimulator
		{84F03D32-DFCF-4259-B354-B48CE761ED86}.Release|iPhoneSimulator.Build.0 = Release|iPhoneSimulator
		{84F03D32-DFCF-4259-B354-B48CE761ED86}.Release|x64.ActiveCfg = Release|iPhone
		{84F03D32-DFCF-4259-B354-B48CE761ED86}.Release|x86.ActiveCfg = Release|iPhone
		{7433A7CC-EC16-4A43-9C8C-7A5F764A4AB4}.Ad-Hoc|Any CPU.ActiveCfg = Release|x86
		{7433A7CC-EC16-4A43-9C8C-7A5F764A4AB4}.Ad-Hoc|Any CPU.Build.0 = Release|x86
		{7433A7CC-EC16-4A43-9C8C-7A5F764A4AB4}.Ad-Hoc|Any CPU.Deploy.0 = Release|x86
		{7433A7CC-EC16-4A43-9C8C-7A5F764A4AB4}.Ad-Hoc|ARM.ActiveCfg = Release|ARM
		{7433A7CC-EC16-4A43-9C8C-7A5F764A4AB4}.Ad-Hoc|ARM.Build.0 = Release|ARM
		{7433A7CC-EC16-4A43-9C8C-7A5F764A4AB4}.Ad-Hoc|ARM.Deploy.0 = Release|ARM
		{7433A7CC-EC16-4A43-9C8C-7A5F764A4AB4}.Ad-Hoc|iPhone.ActiveCfg = Release|x86
		{7433A7CC-EC16-4A43-9C8C-7A5F764A4AB4}.Ad-Hoc|iPhone.Build.0 = Release|x86
		{7433A7CC-EC16-4A43-9C8C-7A5F764A4AB4}.Ad-Hoc|iPhone.Deploy.0 = Release|x86
		{7433A7CC-EC16-4A43-9C8C-7A5F764A4AB4}.Ad-Hoc|iPhoneSimulator.ActiveCfg = Release|x86
		{7433A7CC-EC16-4A43-9C8C-7A5F764A4AB4}.Ad-Hoc|iPhoneSimulator.Build.0 = Release|x86
		{7433A7CC-EC16-4A43-9C8C-7A5F764A4AB4}.Ad-Hoc|iPhoneSimulator.Deploy.0 = Release|x86
		{7433A7CC-EC16-4A43-9C8C-7A5F764A4AB4}.Ad-Hoc|x64.ActiveCfg = Release|x64
		{7433A7CC-EC16-4A43-9C8C-7A5F764A4AB4}.Ad-Hoc|x64.Build.0 = Release|x64
		{7433A7CC-EC16-4A43-9C8C-7A5F764A4AB4}.Ad-Hoc|x64.Deploy.0 = Release|x64
		{7433A7CC-EC16-4A43-9C8C-7A5F764A4AB4}.Ad-Hoc|x86.ActiveCfg = Release|x86
		{7433A7CC-EC16-4A43-9C8C-7A5F764A4AB4}.Ad-Hoc|x86.Build.0 = Release|x86
		{7433A7CC-EC16-4A43-9C8C-7A5F764A4AB4}.Ad-Hoc|x86.Deploy.0 = Release|x86
		{7433A7CC-EC16-4A43-9C8C-7A5F764A4AB4}.Android|Any CPU.ActiveCfg = Android|x86
		{7433A7CC-EC16-4A43-9C8C-7A5F764A4AB4}.Android|ARM.ActiveCfg = Android|ARM
		{7433A7CC-EC16-4A43-9C8C-7A5F764A4AB4}.Android|ARM.Build.0 = Android|ARM
		{7433A7CC-EC16-4A43-9C8C-7A5F764A4AB4}.Android|ARM.Deploy.0 = Android|ARM
		{7433A7CC-EC16-4A43-9C8C-7A5F764A4AB4}.Android|iPhone.ActiveCfg = Android|x86
		{7433A7CC-EC16-4A43-9C8C-7A5F764A4AB4}.Android|iPhoneSimulator.ActiveCfg = Android|x86
		{7433A7CC-EC16-4A43-9C8C-7A5F764A4AB4}.Android|x64.ActiveCfg = Android|x64
		{7433A7CC-EC16-4A43-9C8C-7A5F764A4AB4}.Android|x64.Build.0 = Android|x64
		{7433A7CC-EC16-4A43-9C8C-7A5F764A4AB4}.Android|x64.Deploy.0 = Android|x64
		{7433A7CC-EC16-4A43-9C8C-7A5F764A4AB4}.Android|x86.ActiveCfg = Android|x86
		{7433A7CC-EC16-4A43-9C8C-7A5F764A4AB4}.Android|x86.Build.0 = Android|x86
		{7433A7CC-EC16-4A43-9C8C-7A5F764A4AB4}.Android|x86.Deploy.0 = Android|x86
		{7433A7CC-EC16-4A43-9C8C-7A5F764A4AB4}.AppStore|Any CPU.ActiveCfg = Release|x86
		{7433A7CC-EC16-4A43-9C8C-7A5F764A4AB4}.AppStore|Any CPU.Build.0 = Release|x86
		{7433A7CC-EC16-4A43-9C8C-7A5F764A4AB4}.AppStore|Any CPU.Deploy.0 = Release|x86
		{7433A7CC-EC16-4A43-9C8C-7A5F764A4AB4}.AppStore|ARM.ActiveCfg = Release|ARM
		{7433A7CC-EC16-4A43-9C8C-7A5F764A4AB4}.AppStore|ARM.Build.0 = Release|ARM
		{7433A7CC-EC16-4A43-9C8C-7A5F764A4AB4}.AppStore|ARM.Deploy.0 = Release|ARM
		{7433A7CC-EC16-4A43-9C8C-7A5F764A4AB4}.AppStore|iPhone.ActiveCfg = Release|x86
		{7433A7CC-EC16-4A43-9C8C-7A5F764A4AB4}.AppStore|iPhone.Build.0 = Release|x86
		{7433A7CC-EC16-4A43-9C8C-7A5F764A4AB4}.AppStore|iPhone.Deploy.0 = Release|x86
		{7433A7CC-EC16-4A43-9C8C-7A5F764A4AB4}.AppStore|iPhoneSimulator.ActiveCfg = Release|x86
		{7433A7CC-EC16-4A43-9C8C-7A5F764A4AB4}.AppStore|iPhoneSimulator.Build.0 = Release|x86
		{7433A7CC-EC16-4A43-9C8C-7A5F764A4AB4}.AppStore|iPhoneSimulator.Deploy.0 = Release|x86
		{7433A7CC-EC16-4A43-9C8C-7A5F764A4AB4}.AppStore|x64.ActiveCfg = Release|x64
		{7433A7CC-EC16-4A43-9C8C-7A5F764A4AB4}.AppStore|x64.Build.0 = Release|x64
		{7433A7CC-EC16-4A43-9C8C-7A5F764A4AB4}.AppStore|x64.Deploy.0 = Release|x64
		{7433A7CC-EC16-4A43-9C8C-7A5F764A4AB4}.AppStore|x86.ActiveCfg = Release|x86
		{7433A7CC-EC16-4A43-9C8C-7A5F764A4AB4}.AppStore|x86.Build.0 = Release|x86
		{7433A7CC-EC16-4A43-9C8C-7A5F764A4AB4}.AppStore|x86.Deploy.0 = Release|x86
		{7433A7CC-EC16-4A43-9C8C-7A5F764A4AB4}.Debug|Any CPU.ActiveCfg = Debug|x86
		{7433A7CC-EC16-4A43-9C8C-7A5F764A4AB4}.Debug|ARM.ActiveCfg = Debug|ARM
		{7433A7CC-EC16-4A43-9C8C-7A5F764A4AB4}.Debug|ARM.Build.0 = Debug|ARM
		{7433A7CC-EC16-4A43-9C8C-7A5F764A4AB4}.Debug|ARM.Deploy.0 = Debug|ARM
		{7433A7CC-EC16-4A43-9C8C-7A5F764A4AB4}.Debug|iPhone.ActiveCfg = Debug|x86
		{7433A7CC-EC16-4A43-9C8C-7A5F764A4AB4}.Debug|iPhoneSimulator.ActiveCfg = Debug|x86
		{7433A7CC-EC16-4A43-9C8C-7A5F764A4AB4}.Debug|x64.ActiveCfg = Debug|x64
		{7433A7CC-EC16-4A43-9C8C-7A5F764A4AB4}.Debug|x64.Build.0 = Debug|x64
		{7433A7CC-EC16-4A43-9C8C-7A5F764A4AB4}.Debug|x64.Deploy.0 = Debug|x64
		{7433A7CC-EC16-4A43-9C8C-7A5F764A4AB4}.Debug|x86.ActiveCfg = Debug|x86
		{7433A7CC-EC16-4A43-9C8C-7A5F764A4AB4}.Debug|x86.Build.0 = Debug|x86
		{7433A7CC-EC16-4A43-9C8C-7A5F764A4AB4}.Debug|x86.Deploy.0 = Debug|x86
		{7433A7CC-EC16-4A43-9C8C-7A5F764A4AB4}.Release|Any CPU.ActiveCfg = Release|x86
		{7433A7CC-EC16-4A43-9C8C-7A5F764A4AB4}.Release|ARM.ActiveCfg = Release|ARM
		{7433A7CC-EC16-4A43-9C8C-7A5F764A4AB4}.Release|ARM.Build.0 = Release|ARM
		{7433A7CC-EC16-4A43-9C8C-7A5F764A4AB4}.Release|ARM.Deploy.0 = Release|ARM
		{7433A7CC-EC16-4A43-9C8C-7A5F764A4AB4}.Release|iPhone.ActiveCfg = Release|x86
		{7433A7CC-EC16-4A43-9C8C-7A5F764A4AB4}.Release|iPhoneSimulator.ActiveCfg = Release|x86
		{7433A7CC-EC16-4A43-9C8C-7A5F764A4AB4}.Release|x64.ActiveCfg = Release|x64
		{7433A7CC-EC16-4A43-9C8C-7A5F764A4AB4}.Release|x64.Build.0 = Release|x64
		{7433A7CC-EC16-4A43-9C8C-7A5F764A4AB4}.Release|x64.Deploy.0 = Release|x64
		{7433A7CC-EC16-4A43-9C8C-7A5F764A4AB4}.Release|x86.ActiveCfg = Release|x86
		{7433A7CC-EC16-4A43-9C8C-7A5F764A4AB4}.Release|x86.Build.0 = Release|x86
		{7433A7CC-EC16-4A43-9C8C-7A5F764A4AB4}.Release|x86.Deploy.0 = Release|x86
		{1E2E9726-9B99-4F49-A712-F281646C81B0}.Ad-Hoc|Any CPU.ActiveCfg = Release|Any CPU
		{1E2E9726-9B99-4F49-A712-F281646C81B0}.Ad-Hoc|Any CPU.Build.0 = Release|Any CPU
		{1E2E9726-9B99-4F49-A712-F281646C81B0}.Ad-Hoc|ARM.ActiveCfg = Release|Any CPU
		{1E2E9726-9B99-4F49-A712-F281646C81B0}.Ad-Hoc|ARM.Build.0 = Release|Any CPU
		{1E2E9726-9B99-4F49-A712-F281646C81B0}.Ad-Hoc|iPhone.ActiveCfg = Release|Any CPU
		{1E2E9726-9B99-4F49-A712-F281646C81B0}.Ad-Hoc|iPhone.Build.0 = Release|Any CPU
		{1E2E9726-9B99-4F49-A712-F281646C81B0}.Ad-Hoc|iPhoneSimulator.ActiveCfg = Release|Any CPU
		{1E2E9726-9B99-4F49-A712-F281646C81B0}.Ad-Hoc|iPhoneSimulator.Build.0 = Release|Any CPU
		{1E2E9726-9B99-4F49-A712-F281646C81B0}.Ad-Hoc|x64.ActiveCfg = Release|Any CPU
		{1E2E9726-9B99-4F49-A712-F281646C81B0}.Ad-Hoc|x64.Build.0 = Release|Any CPU
		{1E2E9726-9B99-4F49-A712-F281646C81B0}.Ad-Hoc|x86.ActiveCfg = Release|Any CPU
		{1E2E9726-9B99-4F49-A712-F281646C81B0}.Ad-Hoc|x86.Build.0 = Release|Any CPU
		{1E2E9726-9B99-4F49-A712-F281646C81B0}.Android|Any CPU.ActiveCfg = Android|Any CPU
		{1E2E9726-9B99-4F49-A712-F281646C81B0}.Android|Any CPU.Build.0 = Android|Any CPU
		{1E2E9726-9B99-4F49-A712-F281646C81B0}.Android|ARM.ActiveCfg = Android|Any CPU
		{1E2E9726-9B99-4F49-A712-F281646C81B0}.Android|ARM.Build.0 = Android|Any CPU
		{1E2E9726-9B99-4F49-A712-F281646C81B0}.Android|iPhone.ActiveCfg = Android|Any CPU
		{1E2E9726-9B99-4F49-A712-F281646C81B0}.Android|iPhone.Build.0 = Android|Any CPU
		{1E2E9726-9B99-4F49-A712-F281646C81B0}.Android|iPhoneSimulator.ActiveCfg = Android|Any CPU
		{1E2E9726-9B99-4F49-A712-F281646C81B0}.Android|iPhoneSimulator.Build.0 = Android|Any CPU
		{1E2E9726-9B99-4F49-A712-F281646C81B0}.Android|x64.ActiveCfg = Android|Any CPU
		{1E2E9726-9B99-4F49-A712-F281646C81B0}.Android|x64.Build.0 = Android|Any CPU
		{1E2E9726-9B99-4F49-A712-F281646C81B0}.Android|x86.ActiveCfg = Android|Any CPU
		{1E2E9726-9B99-4F49-A712-F281646C81B0}.Android|x86.Build.0 = Android|Any CPU
		{1E2E9726-9B99-4F49-A712-F281646C81B0}.AppStore|Any CPU.ActiveCfg = Release|Any CPU
		{1E2E9726-9B99-4F49-A712-F281646C81B0}.AppStore|Any CPU.Build.0 = Release|Any CPU
		{1E2E9726-9B99-4F49-A712-F281646C81B0}.AppStore|ARM.ActiveCfg = Release|Any CPU
		{1E2E9726-9B99-4F49-A712-F281646C81B0}.AppStore|ARM.Build.0 = Release|Any CPU
		{1E2E9726-9B99-4F49-A712-F281646C81B0}.AppStore|iPhone.ActiveCfg = Release|Any CPU
		{1E2E9726-9B99-4F49-A712-F281646C81B0}.AppStore|iPhone.Build.0 = Release|Any CPU
		{1E2E9726-9B99-4F49-A712-F281646C81B0}.AppStore|iPhoneSimulator.ActiveCfg = Release|Any CPU
		{1E2E9726-9B99-4F49-A712-F281646C81B0}.AppStore|iPhoneSimulator.Build.0 = Release|Any CPU
		{1E2E9726-9B99-4F49-A712-F281646C81B0}.AppStore|x64.ActiveCfg = Release|Any CPU
		{1E2E9726-9B99-4F49-A712-F281646C81B0}.AppStore|x64.Build.0 = Release|Any CPU
		{1E2E9726-9B99-4F49-A712-F281646C81B0}.AppStore|x86.ActiveCfg = Release|Any CPU
		{1E2E9726-9B99-4F49-A712-F281646C81B0}.AppStore|x86.Build.0 = Release|Any CPU
		{1E2E9726-9B99-4F49-A712-F281646C81B0}.Debug|Any CPU.ActiveCfg = Debug|Any CPU
		{1E2E9726-9B99-4F49-A712-F281646C81B0}.Debug|Any CPU.Build.0 = Debug|Any CPU
		{1E2E9726-9B99-4F49-A712-F281646C81B0}.Debug|ARM.ActiveCfg = Debug|Any CPU
		{1E2E9726-9B99-4F49-A712-F281646C81B0}.Debug|ARM.Build.0 = Debug|Any CPU
		{1E2E9726-9B99-4F49-A712-F281646C81B0}.Debug|iPhone.ActiveCfg = Debug|Any CPU
		{1E2E9726-9B99-4F49-A712-F281646C81B0}.Debug|iPhone.Build.0 = Debug|Any CPU
		{1E2E9726-9B99-4F49-A712-F281646C81B0}.Debug|iPhoneSimulator.ActiveCfg = Debug|Any CPU
		{1E2E9726-9B99-4F49-A712-F281646C81B0}.Debug|iPhoneSimulator.Build.0 = Debug|Any CPU
		{1E2E9726-9B99-4F49-A712-F281646C81B0}.Debug|x64.ActiveCfg = Debug|Any CPU
		{1E2E9726-9B99-4F49-A712-F281646C81B0}.Debug|x64.Build.0 = Debug|Any CPU
		{1E2E9726-9B99-4F49-A712-F281646C81B0}.Debug|x86.ActiveCfg = Debug|Any CPU
		{1E2E9726-9B99-4F49-A712-F281646C81B0}.Debug|x86.Build.0 = Debug|Any CPU
		{1E2E9726-9B99-4F49-A712-F281646C81B0}.Release|Any CPU.ActiveCfg = Release|Any CPU
		{1E2E9726-9B99-4F49-A712-F281646C81B0}.Release|Any CPU.Build.0 = Release|Any CPU
		{1E2E9726-9B99-4F49-A712-F281646C81B0}.Release|ARM.ActiveCfg = Release|Any CPU
		{1E2E9726-9B99-4F49-A712-F281646C81B0}.Release|ARM.Build.0 = Release|Any CPU
		{1E2E9726-9B99-4F49-A712-F281646C81B0}.Release|iPhone.ActiveCfg = Release|Any CPU
		{1E2E9726-9B99-4F49-A712-F281646C81B0}.Release|iPhone.Build.0 = Release|Any CPU
		{1E2E9726-9B99-4F49-A712-F281646C81B0}.Release|iPhoneSimulator.ActiveCfg = Release|Any CPU
		{1E2E9726-9B99-4F49-A712-F281646C81B0}.Release|iPhoneSimulator.Build.0 = Release|Any CPU
		{1E2E9726-9B99-4F49-A712-F281646C81B0}.Release|x64.ActiveCfg = Release|Any CPU
		{1E2E9726-9B99-4F49-A712-F281646C81B0}.Release|x64.Build.0 = Release|Any CPU
		{1E2E9726-9B99-4F49-A712-F281646C81B0}.Release|x86.ActiveCfg = Release|Any CPU
		{1E2E9726-9B99-4F49-A712-F281646C81B0}.Release|x86.Build.0 = Release|Any CPU
		{8586D2A8-8D05-4EC5-8DF6-7130A1119B0E}.Ad-Hoc|Any CPU.ActiveCfg = Release|Any CPU
		{8586D2A8-8D05-4EC5-8DF6-7130A1119B0E}.Ad-Hoc|Any CPU.Build.0 = Release|Any CPU
		{8586D2A8-8D05-4EC5-8DF6-7130A1119B0E}.Ad-Hoc|ARM.ActiveCfg = Release|Any CPU
		{8586D2A8-8D05-4EC5-8DF6-7130A1119B0E}.Ad-Hoc|ARM.Build.0 = Release|Any CPU
		{8586D2A8-8D05-4EC5-8DF6-7130A1119B0E}.Ad-Hoc|iPhone.ActiveCfg = Release|Any CPU
		{8586D2A8-8D05-4EC5-8DF6-7130A1119B0E}.Ad-Hoc|iPhone.Build.0 = Release|Any CPU
		{8586D2A8-8D05-4EC5-8DF6-7130A1119B0E}.Ad-Hoc|iPhoneSimulator.ActiveCfg = Release|Any CPU
		{8586D2A8-8D05-4EC5-8DF6-7130A1119B0E}.Ad-Hoc|iPhoneSimulator.Build.0 = Release|Any CPU
		{8586D2A8-8D05-4EC5-8DF6-7130A1119B0E}.Ad-Hoc|x64.ActiveCfg = Release|Any CPU
		{8586D2A8-8D05-4EC5-8DF6-7130A1119B0E}.Ad-Hoc|x64.Build.0 = Release|Any CPU
		{8586D2A8-8D05-4EC5-8DF6-7130A1119B0E}.Ad-Hoc|x86.ActiveCfg = Release|Any CPU
		{8586D2A8-8D05-4EC5-8DF6-7130A1119B0E}.Ad-Hoc|x86.Build.0 = Release|Any CPU
		{8586D2A8-8D05-4EC5-8DF6-7130A1119B0E}.Android|Any CPU.ActiveCfg = Android|Any CPU
		{8586D2A8-8D05-4EC5-8DF6-7130A1119B0E}.Android|Any CPU.Build.0 = Android|Any CPU
		{8586D2A8-8D05-4EC5-8DF6-7130A1119B0E}.Android|ARM.ActiveCfg = Android|Any CPU
		{8586D2A8-8D05-4EC5-8DF6-7130A1119B0E}.Android|ARM.Build.0 = Android|Any CPU
		{8586D2A8-8D05-4EC5-8DF6-7130A1119B0E}.Android|iPhone.ActiveCfg = Android|Any CPU
		{8586D2A8-8D05-4EC5-8DF6-7130A1119B0E}.Android|iPhone.Build.0 = Android|Any CPU
		{8586D2A8-8D05-4EC5-8DF6-7130A1119B0E}.Android|iPhoneSimulator.ActiveCfg = Android|Any CPU
		{8586D2A8-8D05-4EC5-8DF6-7130A1119B0E}.Android|iPhoneSimulator.Build.0 = Android|Any CPU
		{8586D2A8-8D05-4EC5-8DF6-7130A1119B0E}.Android|x64.ActiveCfg = Android|Any CPU
		{8586D2A8-8D05-4EC5-8DF6-7130A1119B0E}.Android|x64.Build.0 = Android|Any CPU
		{8586D2A8-8D05-4EC5-8DF6-7130A1119B0E}.Android|x86.ActiveCfg = Android|Any CPU
		{8586D2A8-8D05-4EC5-8DF6-7130A1119B0E}.Android|x86.Build.0 = Android|Any CPU
		{8586D2A8-8D05-4EC5-8DF6-7130A1119B0E}.AppStore|Any CPU.ActiveCfg = Release|Any CPU
		{8586D2A8-8D05-4EC5-8DF6-7130A1119B0E}.AppStore|Any CPU.Build.0 = Release|Any CPU
		{8586D2A8-8D05-4EC5-8DF6-7130A1119B0E}.AppStore|ARM.ActiveCfg = Release|Any CPU
		{8586D2A8-8D05-4EC5-8DF6-7130A1119B0E}.AppStore|ARM.Build.0 = Release|Any CPU
		{8586D2A8-8D05-4EC5-8DF6-7130A1119B0E}.AppStore|iPhone.ActiveCfg = Release|Any CPU
		{8586D2A8-8D05-4EC5-8DF6-7130A1119B0E}.AppStore|iPhone.Build.0 = Release|Any CPU
		{8586D2A8-8D05-4EC5-8DF6-7130A1119B0E}.AppStore|iPhoneSimulator.ActiveCfg = Release|Any CPU
		{8586D2A8-8D05-4EC5-8DF6-7130A1119B0E}.AppStore|iPhoneSimulator.Build.0 = Release|Any CPU
		{8586D2A8-8D05-4EC5-8DF6-7130A1119B0E}.AppStore|x64.ActiveCfg = Release|Any CPU
		{8586D2A8-8D05-4EC5-8DF6-7130A1119B0E}.AppStore|x64.Build.0 = Release|Any CPU
		{8586D2A8-8D05-4EC5-8DF6-7130A1119B0E}.AppStore|x86.ActiveCfg = Release|Any CPU
		{8586D2A8-8D05-4EC5-8DF6-7130A1119B0E}.AppStore|x86.Build.0 = Release|Any CPU
		{8586D2A8-8D05-4EC5-8DF6-7130A1119B0E}.Debug|Any CPU.ActiveCfg = Debug|Any CPU
		{8586D2A8-8D05-4EC5-8DF6-7130A1119B0E}.Debug|Any CPU.Build.0 = Debug|Any CPU
		{8586D2A8-8D05-4EC5-8DF6-7130A1119B0E}.Debug|ARM.ActiveCfg = Debug|Any CPU
		{8586D2A8-8D05-4EC5-8DF6-7130A1119B0E}.Debug|ARM.Build.0 = Debug|Any CPU
		{8586D2A8-8D05-4EC5-8DF6-7130A1119B0E}.Debug|iPhone.ActiveCfg = Debug|Any CPU
		{8586D2A8-8D05-4EC5-8DF6-7130A1119B0E}.Debug|iPhone.Build.0 = Debug|Any CPU
		{8586D2A8-8D05-4EC5-8DF6-7130A1119B0E}.Debug|iPhoneSimulator.ActiveCfg = Debug|Any CPU
		{8586D2A8-8D05-4EC5-8DF6-7130A1119B0E}.Debug|iPhoneSimulator.Build.0 = Debug|Any CPU
		{8586D2A8-8D05-4EC5-8DF6-7130A1119B0E}.Debug|x64.ActiveCfg = Debug|Any CPU
		{8586D2A8-8D05-4EC5-8DF6-7130A1119B0E}.Debug|x64.Build.0 = Debug|Any CPU
		{8586D2A8-8D05-4EC5-8DF6-7130A1119B0E}.Debug|x86.ActiveCfg = Debug|Any CPU
		{8586D2A8-8D05-4EC5-8DF6-7130A1119B0E}.Debug|x86.Build.0 = Debug|Any CPU
		{8586D2A8-8D05-4EC5-8DF6-7130A1119B0E}.Release|Any CPU.ActiveCfg = Release|Any CPU
		{8586D2A8-8D05-4EC5-8DF6-7130A1119B0E}.Release|Any CPU.Build.0 = Release|Any CPU
		{8586D2A8-8D05-4EC5-8DF6-7130A1119B0E}.Release|ARM.ActiveCfg = Release|Any CPU
		{8586D2A8-8D05-4EC5-8DF6-7130A1119B0E}.Release|ARM.Build.0 = Release|Any CPU
		{8586D2A8-8D05-4EC5-8DF6-7130A1119B0E}.Release|iPhone.ActiveCfg = Release|Any CPU
		{8586D2A8-8D05-4EC5-8DF6-7130A1119B0E}.Release|iPhone.Build.0 = Release|Any CPU
		{8586D2A8-8D05-4EC5-8DF6-7130A1119B0E}.Release|iPhoneSimulator.ActiveCfg = Release|Any CPU
		{8586D2A8-8D05-4EC5-8DF6-7130A1119B0E}.Release|iPhoneSimulator.Build.0 = Release|Any CPU
		{8586D2A8-8D05-4EC5-8DF6-7130A1119B0E}.Release|x64.ActiveCfg = Release|Any CPU
		{8586D2A8-8D05-4EC5-8DF6-7130A1119B0E}.Release|x64.Build.0 = Release|Any CPU
		{8586D2A8-8D05-4EC5-8DF6-7130A1119B0E}.Release|x86.ActiveCfg = Release|Any CPU
		{8586D2A8-8D05-4EC5-8DF6-7130A1119B0E}.Release|x86.Build.0 = Release|Any CPU
	EndGlobalSection
	GlobalSection(SolutionProperties) = preSolution
		HideSolutionNode = FALSE
	EndGlobalSection
EndGlobal
